
Microsoft Visual Studio Solution File, Format Version 12.00
# Visual Studio 15
VisualStudioVersion = 15.0.27004.2010
MinimumVisualStudioVersion = 10.0.40219.1
Project("{9A19103F-16F7-4668-BE54-9A1E7A4F7556}") = "Exchange.ConsoleUi", "Exchange.Console\Exchange.ConsoleUi.csproj", "{3EC4761C-D58A-4530-BDD0-98105F33C0BD}"
EndProject
Global
	GlobalSection(SolutionConfigurationPlatforms) = preSolution
		Debug|Any CPU = Debug|Any CPU
		Release|Any CPU = Release|Any CPU
	EndGlobalSection
	GlobalSection(ProjectConfigurationPlatforms) = postSolution
		{3EC4761C-D58A-4530-BDD0-98105F33C0BD}.Debug|Any CPU.ActiveCfg = Debug|Any CPU
		{3EC4761C-D58A-4530-BDD0-98105F33C0BD}.Debug|Any CPU.Build.0 = Debug|Any CPU
		{3EC4761C-D58A-4530-BDD0-98105F33C0BD}.Release|Any CPU.ActiveCfg = Release|Any CPU
		{3EC4761C-D58A-4530-BDD0-98105F33C0BD}.Release|Any CPU.Build.0 = Release|Any CPU
	EndGlobalSection
	GlobalSection(SolutionProperties) = preSolution
		HideSolutionNode = FALSE
	EndGlobalSection
	GlobalSection(ExtensibilityGlobals) = postSolution
		SolutionGuid = {F50B04B9-F7EB-459D-B2F6-DDA14FDC462A}
	EndGlobalSection
EndGlobal
